
Microsoft Visual Studio Solution File, Format Version 12.00
# Visual Studio Version 17
VisualStudioVersion = 17.2.32616.157
MinimumVisualStudioVersion = 10.0.40219.1
Project("{888888A0-9F3D-457C-B088-3A5042F75D52}") = "Cosmetics_store", "Cosmetics_store\Cosmetics_store.pyproj", "{B6B50CA3-3AD0-40B7-B6E6-62F1725C64DB}"
EndProject
Global
	GlobalSection(SolutionConfigurationPlatforms) = preSolution
		Debug|Any CPU = Debug|Any CPU
		Release|Any CPU = Release|Any CPU
	EndGlobalSection
	GlobalSection(ProjectConfigurationPlatforms) = postSolution
		{B6B50CA3-3AD0-40B7-B6E6-62F1725C64DB}.Debug|Any CPU.ActiveCfg = Debug|Any CPU
		{B6B50CA3-3AD0-40B7-B6E6-62F1725C64DB}.Debug|Any CPU.Build.0 = Debug|Any CPU
		{B6B50CA3-3AD0-40B7-B6E6-62F1725C64DB}.Release|Any CPU.ActiveCfg = Release|Any CPU
		{B6B50CA3-3AD0-40B7-B6E6-62F1725C64DB}.Release|Any CPU.Build.0 = Release|Any CPU
	EndGlobalSection
	GlobalSection(SolutionProperties) = preSolution
		HideSolutionNode = FALSE
	EndGlobalSection
	GlobalSection(ExtensibilityGlobals) = postSolution
		SolutionGuid = {7A1C0A6D-DDD9-4ADB-B75D-F9152BB75532}
	EndGlobalSection
EndGlobal
